
Microsoft Visual Studio Solution File, Format Version 12.00
# Visual Studio 15
VisualStudioVersion = 15.0.27130.2010
MinimumVisualStudioVersion = 10.0.40219.1
Project("{FAE04EC0-301F-11D3-BF4B-00C04F79EFBC}") = "LocationAlert.Library", "LocationAlert.Library\LocationAlert.Library.csproj", "{65B4489A-B9C3-4E7B-90C5-A2992BCA6859}"
EndProject
Global
	GlobalSection(SolutionConfigurationPlatforms) = preSolution
		Debug|Any CPU = Debug|Any CPU
		Release|Any CPU = Release|Any CPU
	EndGlobalSection
	GlobalSection(ProjectConfigurationPlatforms) = postSolution
		{65B4489A-B9C3-4E7B-90C5-A2992BCA6859}.Debug|Any CPU.ActiveCfg = Debug|Any CPU
		{65B4489A-B9C3-4E7B-90C5-A2992BCA6859}.Debug|Any CPU.Build.0 = Debug|Any CPU
		{65B4489A-B9C3-4E7B-90C5-A2992BCA6859}.Release|Any CPU.ActiveCfg = Release|Any CPU
		{65B4489A-B9C3-4E7B-90C5-A2992BCA6859}.Release|Any CPU.Build.0 = Release|Any CPU
	EndGlobalSection
	GlobalSection(SolutionProperties) = preSolution
		HideSolutionNode = FALSE
	EndGlobalSection
	GlobalSection(ExtensibilityGlobals) = postSolution
		SolutionGuid = {2781957E-A261-4699-84D9-E918A8FF4D01}
	EndGlobalSection
EndGlobal
